// !$*UTF8*$!
{
	archiveVersion = 1;
	classes = {
	};
	objectVersion = 48;
	objects = {

/* Begin PBXBuildFile section */
		A846CF2C209F5C7000399BBA /* AppDelegate.swift in Sources */ = {isa = PBXBuildFile; fileRef = A846CF2B209F5C7000399BBA /* AppDelegate.swift */; };
		A846CF2E209F5C7000399BBA /* ViewController.swift in Sources */ = {isa = PBXBuildFile; fileRef = A846CF2D209F5C7000399BBA /* ViewController.swift */; };
		A846CF31209F5C7000399BBA /* Main.storyboard in Resources */ = {isa = PBXBuildFile; fileRef = A846CF2F209F5C7000399BBA /* Main.storyboard */; };
		A846CF33209F5C7000399BBA /* Assets.xcassets in Resources */ = {isa = PBXBuildFile; fileRef = A846CF32209F5C7000399BBA /* Assets.xcassets */; };
		A846CF36209F5C7100399BBA /* LaunchScreen.storyboard in Resources */ = {isa = PBXBuildFile; fileRef = A846CF34209F5C7100399BBA /* LaunchScreen.storyboard */; };
/* End PBXBuildFile section */

/* Begin PBXFileReference section */
		A846CF28209F5C7000399BBA /* GitFun.app */ = {isa = PBXFileReference; explicitFileType = wrapper.application; includeInIndex = 0; path = GitFun.app; sourceTree = BUILT_PRODUCTS_DIR; };
		A846CF2B209F5C7000399BBA /* AppDelegate.swift */ = {isa = PBXFileReference; lastKnownFileType = sourcecode.swift; path = AppDelegate.swift; sourceTree = "<group>"; };
		A846CF2D209F5C7000399BBA /* ViewController.swift */ = {isa = PBXFileReference; lastKnownFileType = sourcecode.swift; path = ViewController.swift; sourceTree = "<group>"; };
		A846CF30209F5C7000399BBA /* Base */ = {isa = PBXFileReference; lastKnownFileType = file.storyboard; name = Base; path = Base.lproj/Main.storyboard; sourceTree = "<group>"; };
		A846CF32209F5C7000399BBA /* Assets.xcassets */ = {isa = PBXFileReference; lastKnownFileType = folder.assetcatalog; path = Assets.xcassets; sourceTree = "<group>"; };
		A846CF35209F5C7100399BBA /* Base */ = {isa = PBXFileReference; lastKnownFileType = file.storyboard; name = Base; path = Base.lproj/LaunchScreen.storyboard; sourceTree = "<group>"; };
		A846CF37209F5C7100399BBA /* Info.plist */ = {isa = PBXFileReference; lastKnownFileType = text.plist.xml; path = Info.plist; sourceTree = "<group>"; };
/* End PBXFileReference section */

/* Begin PBXFrameworksBuildPhase section */
		A846CF25209F5C7000399BBA /* Frameworks */ = {
			isa = PBXFrameworksBuildPhase;
			buildActionMask = 2147483647;
			files = (
			);
			runOnlyForDeploymentPostprocessing = 0;
		};
/* End PBXFrameworksBuildPhase section */

/* Begin PBXGroup section */
		A846CF1F209F5C7000399BBA = {
			isa = PBXGroup;
			children = (
				A846CF2A209F5C7000399BBA /* GitFun */,
				A846CF29209F5C7000399BBA /* Products */,
			);
			sourceTree = "<group>";
		};
		A846CF29209F5C7000399BBA /* Products */ = {
			isa = PBXGroup;
			children = (
				A846CF28209F5C7000399BBA /* GitFun.app */,
			);
			name = Products;
			sourceTree = "<group>";
		};
		A846CF2A209F5C7000399BBA /* GitFun */ = {
			isa = PBXGroup;
			children = (
				A846CF2B209F5C7000399BBA /* AppDelegate.swift */,
				A846CF2D209F5C7000399BBA /* ViewController.swift */,
				A846CF2F209F5C7000399BBA /* Main.storyboard */,
				A846CF32209F5C7000399BBA /* Assets.xcassets */,
				A846CF34209F5C7100399BBA /* LaunchScreen.storyboard */,
				A846CF37209F5C7100399BBA /* Info.plist */,
			);
			path = GitFun;
			sourceTree = "<group>";
		};
/* End PBXGroup section */

/* Begin PBXNativeTarget section */
		A846CF27209F5C7000399BBA /* GitFun */ = {
			isa = PBXNativeTarget;
			buildConfigurationList = A846CF3A209F5C7100399BBA /* Build configuration list for PBXNativeTarget "GitFun" */;
			buildPhases = (
				A846CF24209F5C7000399BBA /* Sources */,
				A846CF25209F5C7000399BBA /* Frameworks */,
				A846CF26209F5C7000399BBA /* Resources */,
			);
			buildRules = (
			);
			dependencies = (
			);
			name = GitFun;
			productName = GitFun;
			productReference = A846CF28209F5C7000399BBA /* GitFun.app */;
			productType = "com.apple.product-type.application";
		};
/* End PBXNativeTarget section */

/* Begin PBXProject section */
		A846CF20209F5C7000399BBA /* Project object */ = {
			isa = PBXProject;
			attributes = {
				LastSwiftUpdateCheck = 0920;
				LastUpgradeCheck = 0920;
				ORGANIZATIONNAME = "Matt Deuschle";
				TargetAttributes = {
					A846CF27209F5C7000399BBA = {
						CreatedOnToolsVersion = 9.2;
						ProvisioningStyle = Automatic;
					};
				};
			};
			buildConfigurationList = A846CF23209F5C7000399BBA /* Build configuration list for PBXProject "GitFun" */;
			compatibilityVersion = "Xcode 8.0";
			developmentRegion = en;
			hasScannedForEncodings = 0;
			knownRegions = (
				en,
				Base,
			);
			mainGroup = A846CF1F209F5C7000399BBA;
			productRefGroup = A846CF29209F5C7000399BBA /* Products */;
			projectDirPath = "";
			projectRoot = "";
			targets = (
				A846CF27209F5C7000399BBA /* GitFun */,
			);
		};
/* End PBXProject section */

/* Begin PBXResourcesBuildPhase section */
		A846CF26209F5C7000399BBA /* Resources */ = {
			isa = PBXResourcesBuildPhase;
			buildActionMask = 2147483647;
			files = (
				A846CF36209F5C7100399BBA /* LaunchScreen.storyboard in Resources */,
				A846CF33209F5C7000399BBA /* Assets.xcassets in Resources */,
				A846CF31209F5C7000399BBA /* Main.storyboard in Resources */,
			);
			runOnlyForDeploymentPostprocessing = 0;
		};
/* End PBXResourcesBuildPhase section */

/* Begin PBXSourcesBuildPhase section */
		A846CF24209F5C7000399BBA /* Sources */ = {
			isa = PBXSourcesBuildPhase;
			buildActionMask = 2147483647;
			files = (
				A846CF2E209F5C7000399BBA /* ViewController.swift in Sources */,
				A846CF2C209F5C7000399BBA /* AppDelegate.swift in Sources */,
			);
			runOnlyForDeploymentPostprocessing = 0;
		};
/* End PBXSourcesBuildPhase section */

/* Begin PBXVariantGroup section */
		A846CF2F209F5C7000399BBA /* Main.storyboard */ = {
			isa = PBXVariantGroup;
			children = (
				A846CF30209F5C7000399BBA /* Base */,
			);
			name = Main.storyboard;
			sourceTree = "<group>";
		};
		A846CF34209F5C7100399BBA /* LaunchScreen.storyboard */ = {
			isa = PBXVariantGroup;
			children = (
				A846CF35209F5C7100399BBA /* Base */,
			);
			name = LaunchScreen.storyboard;
			sourceTree = "<group>";
		};
/* End PBXVariantGroup section */

/* Begin XCBuildConfiguration section */
		A846CF38209F5C7100399BBA /* Debug */ = {
			isa = XCBuildConfiguration;
			buildSettings = {
				ALWAYS_SEARCH_USER_PATHS = NO;
				CLANG_ANALYZER_NONNULL = YES;
				CLANG_ANALYZER_NUMBER_OBJECT_CONVERSION = YES_AGGRESSIVE;
				CLANG_CXX_LANGUAGE_STANDARD = "gnu++14";
				CLANG_CXX_LIBRARY = "libc++";
				CLANG_ENABLE_MODULES = YES;
				CLANG_ENABLE_OBJC_ARC = YES;
				CLANG_WARN_BLOCK_CAPTURE_AUTORELEASING = YES;
				CLANG_WARN_BOOL_CONVERSION = YES;
				CLANG_WARN_COMMA = YES;
				CLANG_WARN_CONSTANT_CONVERSION = YES;
				CLANG_WARN_DIRECT_OBJC_ISA_USAGE = YES_ERROR;
				CLANG_WARN_DOCUMENTATION_COMMENTS = YES;
				CLANG_WARN_EMPTY_BODY = YES;
				CLANG_WARN_ENUM_CONVERSION = YES;
				CLANG_WARN_INFINITE_RECURSION = YES;
				CLANG_WARN_INT_CONVERSION = YES;
				CLANG_WARN_NON_LITERAL_NULL_CONVERSION = YES;
				CLANG_WARN_OBJC_LITERAL_CONVERSION = YES;
				CLANG_WARN_OBJC_ROOT_CLASS = YES_ERROR;
				CLANG_WARN_RANGE_LOOP_ANALYSIS = YES;
				CLANG_WARN_STRICT_PROTOTYPES = YES;
				CLANG_WARN_SUSPICIOUS_MOVE = YES;
				CLANG_WARN_UNGUARDED_AVAILABILITY = YES_AGGRESSIVE;
				CLANG_WARN_UNREACHABLE_CODE = YES;
				CLANG_WARN__DUPLICATE_METHOD_MATCH = YES;
				CODE_SIGN_IDENTITY = "iPhone Developer";
				COPY_PHASE_STRIP = NO;
				DEBUG_INFORMATION_FORMAT = dwarf;
				ENABLE_STRICT_OBJC_MSGSEND = YES;
				ENABLE_TESTABILITY = YES;
				GCC_C_LANGUAGE_STANDARD = gnu11;
				GCC_DYNAMIC_NO_PIC = NO;
				GCC_NO_COMMON_BLOCKS = YES;
				GCC_OPTIMIZATION_LEVEL = 0;
				GCC_PREPROCESSOR_DEFINITIONS = (
					"DEBUG=1",
					"$(inherited)",
				);
				GCC_WARN_64_TO_32_BIT_CONVERSION = YES;
				GCC_WARN_ABOUT_RETURN_TYPE = YES_ERROR;
				GCC_WARN_UNDECLARED_SELECTOR = YES;
				GCC_WARN_UNINITIALIZED_AUTOS = YES_AGGRESSIVE;
				GCC_WARN_UNUSED_FUNCTION = YES;
				GCC_WARN_UNUSED_VARIABLE = YES;
				IPHONEOS_DEPLOYMENT_TARGET = 11.2;
				MTL_ENABLE_DEBUG_INFO = YES;
				ONLY_ACTIVE_ARCH = YES;
				SDKROOT = iphoneos;
				SWIFT_ACTIVE_COMPILATION_CONDITIONS = DEBUG;
				SWIFT_OPTIMIZATION_LEVEL = "-Onone";
			};
			name = Debug;
		};
		A846CF39209F5C7100399BBA /* Release */ = {
			isa = XCBuildConfiguration;
			buildSettings = {
				ALWAYS_SEARCH_USER_PATHS = NO;
				CLANG_ANALYZER_NONNULL = YES;
				CLANG_ANALYZER_NUMBER_OBJECT_CONVERSION = YES_AGGRESSIVE;
				CLANG_CXX_LANGUAGE_STANDARD = "gnu++14";
				CLANG_CXX_LIBRARY = "libc++";
				CLANG_ENABLE_MODULES = YES;
				CLANG_ENABLE_OBJC_ARC = YES;
				CLANG_WARN_BLOCK_CAPTURE_AUTORELEASING = YES;
				CLANG_WARN_BOOL_CONVERSION = YES;
				CLANG_WARN_COMMA = YES;
				CLANG_WARN_CONSTANT_CONVERSION = YES;
				CLANG_WARN_DIRECT_OBJC_ISA_USAGE = YES_ERROR;
				CLANG_WARN_DOCUMENTATION_COMMENTS = YES;
				CLANG_WARN_EMPTY_BODY = YES;
				CLANG_WARN_ENUM_CONVERSION = YES;
				CLANG_WARN_INFINITE_RECURSION = YES;
				CLANG_WARN_INT_CONVERSION = YES;
				CLANG_WARN_NON_LITERAL_NULL_CONVERSION = YES;
				CLANG_WARN_OBJC_LITERAL_CONVERSION = YES;
				CLANG_WARN_OBJC_ROOT_CLASS = YES_ERROR;
				CLANG_WARN_RANGE_LOOP_ANALYSIS = YES;
				CLANG_WARN_STRICT_PROTOTYPES = YES;
				CLANG_WARN_SUSPICIOUS_MOVE = YES;
				CLANG_WARN_UNGUARDED_AVAILABILITY = YES_AGGRESSIVE;
				CLANG_WARN_UNREACHABLE_CODE = YES;
				CLANG_WARN__DUPLICATE_METHOD_MATCH = YES;
				CODE_SIGN_IDENTITY = "iPhone Developer";
				COPY_PHASE_STRIP = NO;
				DEBUG_INFORMATION_FORMAT = "dwarf-with-dsym";
				ENABLE_NS_ASSERTIONS = NO;
				ENABLE_STRICT_OBJC_MSGSEND = YES;
				GCC_C_LANGUAGE_STANDARD = gnu11;
				GCC_NO_COMMON_BLOCKS = YES;
				GCC_WARN_64_TO_32_BIT_CONVERSION = YES;
				GCC_WARN_ABOUT_RETURN_TYPE = YES_ERROR;
				GCC_WARN_UNDECLARED_SELECTOR = YES;
				GCC_WARN_UNINITIALIZED_AUTOS = YES_AGGRESSIVE;
				GCC_WARN_UNUSED_FUNCTION = YES;
				GCC_WARN_UNUSED_VARIABLE = YES;
				IPHONEOS_DEPLOYMENT_TARGET = 11.2;
				MTL_ENABLE_DEBUG_INFO = NO;
				SDKROOT = iphoneos;
				SWIFT_OPTIMIZATION_LEVEL = "-Owholemodule";
				VALIDATE_PRODUCT = YES;
			};
			name = Release;
		};
		A846CF3B209F5C7100399BBA /* Debug */ = {
			isa = XCBuildConfiguration;
			buildSettings = {
				ASSETCATALOG_COMPILER_APPICON_NAME = AppIcon;
				CODE_SIGN_STYLE = Automatic;
				DEVELOPMENT_TEAM = 3DKZWJ5854;
				INFOPLIST_FILE = GitFun/Info.plist;
				LD_RUNPATH_SEARCH_PATHS = "$(inherited) @executable_path/Frameworks";
				PRODUCT_BUNDLE_IDENTIFIER = com.matt.deuschle.GitFun;
				PRODUCT_NAME = "$(TARGET_NAME)";
				SWIFT_VERSION = 4.0;
				TARGETED_DEVICE_FAMILY = "1,2";
			};
			name = Debug;
		};
		A846CF3C209F5C7100399BBA /* Release */ = {
			isa = XCBuildConfiguration;
			buildSettings = {
				ASSETCATALOG_COMPILER_APPICON_NAME = AppIcon;
				CODE_SIGN_STYLE = Automatic;
				DEVELOPMENT_TEAM = 3DKZWJ5854;
				INFOPLIST_FILE = GitFun/Info.plist;
				LD_RUNPATH_SEARCH_PATHS = "$(inherited) @executable_path/Frameworks";
				PRODUCT_BUNDLE_IDENTIFIER = com.matt.deuschle.GitFun;
				PRODUCT_NAME = "$(TARGET_NAME)";
				SWIFT_VERSION = 4.0;
				TARGETED_DEVICE_FAMILY = "1,2";
			};
			name = Release;
		};
/* End XCBuildConfiguration section */

/* Begin XCConfigurationList section */
		A846CF23209F5C7000399BBA /* Build configuration list for PBXProject "GitFun" */ = {
			isa = XCConfigurationList;
			buildConfigurations = (
				A846CF38209F5C7100399BBA /* Debug */,
				A846CF39209F5C7100399BBA /* Release */,
			);
			defaultConfigurationIsVisible = 0;
			defaultConfigurationName = Release;
		};
		A846CF3A209F5C7100399BBA /* Build configuration list for PBXNativeTarget "GitFun" */ = {
			isa = XCConfigurationList;
			buildConfigurations = (
				A846CF3B209F5C7100399BBA /* Debug */,
				A846CF3C209F5C7100399BBA /* Release */,
			);
			defaultConfigurationIsVisible = 0;
			defaultConfigurationName = Release;
		};
/* End XCConfigurationList section */
	};
	rootObject = A846CF20209F5C7000399BBA /* Project object */;
}
